
Microsoft Visual Studio Solution File, Format Version 12.00
# Visual Studio Version 17
VisualStudioVersion = 17.4.33103.184
MinimumVisualStudioVersion = 10.0.40219.1
Project("{FAE04EC0-301F-11D3-BF4B-00C04F79EFBC}") = "TESTAPI", "ThreeTierTest\TESTAPI.csproj", "{5A4A073D-AB1A-41CC-9493-73677C1BF4F7}"
EndProject
Project("{FAE04EC0-301F-11D3-BF4B-00C04F79EFBC}") = "DAL", "DAL\DAL.csproj", "{5DAE1901-956E-42C4-B7C4-81972242D592}"
EndProject
Project("{FAE04EC0-301F-11D3-BF4B-00C04F79EFBC}") = "LOGIC", "LOGIC\LOGIC.csproj", "{C3A2D5DF-E438-41A2-BCAD-D78CF07D10D2}"
EndProject
Global
	GlobalSection(SolutionConfigurationPlatforms) = preSolution
		Debug|Any CPU = Debug|Any CPU
		Release|Any CPU = Release|Any CPU
	EndGlobalSection
	GlobalSection(ProjectConfigurationPlatforms) = postSolution
		{5A4A073D-AB1A-41CC-9493-73677C1BF4F7}.Debug|Any CPU.ActiveCfg = Debug|Any CPU
		{5A4A073D-AB1A-41CC-9493-73677C1BF4F7}.Debug|Any CPU.Build.0 = Debug|Any CPU
		{5A4A073D-AB1A-41CC-9493-73677C1BF4F7}.Release|Any CPU.ActiveCfg = Release|Any CPU
		{5A4A073D-AB1A-41CC-9493-73677C1BF4F7}.Release|Any CPU.Build.0 = Release|Any CPU
		{5DAE1901-956E-42C4-B7C4-81972242D592}.Debug|Any CPU.ActiveCfg = Debug|Any CPU
		{5DAE1901-956E-42C4-B7C4-81972242D592}.Debug|Any CPU.Build.0 = Debug|Any CPU
		{5DAE1901-956E-42C4-B7C4-81972242D592}.Release|Any CPU.ActiveCfg = Release|Any CPU
		{5DAE1901-956E-42C4-B7C4-81972242D592}.Release|Any CPU.Build.0 = Release|Any CPU
		{C3A2D5DF-E438-41A2-BCAD-D78CF07D10D2}.Debug|Any CPU.ActiveCfg = Debug|Any CPU
		{C3A2D5DF-E438-41A2-BCAD-D78CF07D10D2}.Debug|Any CPU.Build.0 = Debug|Any CPU
		{C3A2D5DF-E438-41A2-BCAD-D78CF07D10D2}.Release|Any CPU.ActiveCfg = Release|Any CPU
		{C3A2D5DF-E438-41A2-BCAD-D78CF07D10D2}.Release|Any CPU.Build.0 = Release|Any CPU
	EndGlobalSection
	GlobalSection(SolutionProperties) = preSolution
		HideSolutionNode = FALSE
	EndGlobalSection
	GlobalSection(ExtensibilityGlobals) = postSolution
		SolutionGuid = {F485FE39-0E51-4C4F-9DAE-C03AC1C5EE85}
	EndGlobalSection
EndGlobal
